
Microsoft Visual Studio Solution File, Format Version 12.00
# Visual Studio Version 16
VisualStudioVersion = 16.0.29102.190
MinimumVisualStudioVersion = 10.0.40219.1
Project("{FAE04EC0-301F-11D3-BF4B-00C04F79EFBC}") = "MVCcrud", "MVCcrud.csproj", "{39E488A9-0DAE-43E8-AAD5-4F6022C40CEF}"
EndProject
Global
	GlobalSection(SolutionConfigurationPlatforms) = preSolution
		Debug|Any CPU = Debug|Any CPU
		Release|Any CPU = Release|Any CPU
	EndGlobalSection
	GlobalSection(ProjectConfigurationPlatforms) = postSolution
		{39E488A9-0DAE-43E8-AAD5-4F6022C40CEF}.Debug|Any CPU.ActiveCfg = Debug|Any CPU
		{39E488A9-0DAE-43E8-AAD5-4F6022C40CEF}.Debug|Any CPU.Build.0 = Debug|Any CPU
		{39E488A9-0DAE-43E8-AAD5-4F6022C40CEF}.Release|Any CPU.ActiveCfg = Release|Any CPU
		{39E488A9-0DAE-43E8-AAD5-4F6022C40CEF}.Release|Any CPU.Build.0 = Release|Any CPU
	EndGlobalSection
	GlobalSection(SolutionProperties) = preSolution
		HideSolutionNode = FALSE
	EndGlobalSection
	GlobalSection(ExtensibilityGlobals) = postSolution
		SolutionGuid = {789A114E-534F-481A-B309-E31CA95F3AB9}
	EndGlobalSection
EndGlobal
